
Microsoft Visual Studio Solution File, Format Version 12.00
# Visual Studio Version 16
VisualStudioVersion = 16.0.29728.190
MinimumVisualStudioVersion = 10.0.40219.1
Project("{9A19103F-16F7-4668-BE54-9A1E7A4F7556}") = "rosette_api", "rosette_api\rosette_api.csproj", "{7305ECAA-8C0E-473B-8601-5A0F46D7FBE7}"
EndProject
Project("{9A19103F-16F7-4668-BE54-9A1E7A4F7556}") = "rosette_apiUnitTests", "rosette_apiUnitTests\rosette_apiUnitTests.csproj", "{3907DA8F-E719-4DDF-80C9-47CD0B7ADEA1}"
EndProject
Global
	GlobalSection(SolutionConfigurationPlatforms) = preSolution
		Debug|Any CPU = Debug|Any CPU
		Release|Any CPU = Release|Any CPU
	EndGlobalSection
	GlobalSection(ProjectConfigurationPlatforms) = postSolution
		{7305ECAA-8C0E-473B-8601-5A0F46D7FBE7}.Debug|Any CPU.ActiveCfg = Debug|Any CPU
		{7305ECAA-8C0E-473B-8601-5A0F46D7FBE7}.Debug|Any CPU.Build.0 = Debug|Any CPU
		{7305ECAA-8C0E-473B-8601-5A0F46D7FBE7}.Release|Any CPU.ActiveCfg = Release|Any CPU
		{7305ECAA-8C0E-473B-8601-5A0F46D7FBE7}.Release|Any CPU.Build.0 = Release|Any CPU
		{3907DA8F-E719-4DDF-80C9-47CD0B7ADEA1}.Debug|Any CPU.ActiveCfg = Debug|Any CPU
		{3907DA8F-E719-4DDF-80C9-47CD0B7ADEA1}.Debug|Any CPU.Build.0 = Debug|Any CPU
		{3907DA8F-E719-4DDF-80C9-47CD0B7ADEA1}.Release|Any CPU.ActiveCfg = Release|Any CPU
		{3907DA8F-E719-4DDF-80C9-47CD0B7ADEA1}.Release|Any CPU.Build.0 = Release|Any CPU
	EndGlobalSection
	GlobalSection(SolutionProperties) = preSolution
		HideSolutionNode = FALSE
	EndGlobalSection
	GlobalSection(ExtensibilityGlobals) = postSolution
		SolutionGuid = {A082B23A-401A-4BFA-9D64-897BE471EC6C}
	EndGlobalSection
EndGlobal
